// !$*UTF8*$!
{
	archiveVersion = 1;
	classes = {
	};
	objectVersion = 46;
	objects = {

/* Begin PBXBuildFile section */
		0F7D073F89049A1A3B68B2E8 /* Pods_JGAlgorithms_Tests.framework in Frameworks */ = {isa = PBXBuildFile; fileRef = D062770854C72FDA9AF73BEC /* Pods_JGAlgorithms_Tests.framework */; };
		125358385D5B0FB55B098B9D /* Pods_app_JGAlgorithms_SwiftTests.framework in Frameworks */ = {isa = PBXBuildFile; fileRef = 731C24A27DEC0A1689D7971F /* Pods_app_JGAlgorithms_SwiftTests.framework */; };
		2135B188B7D7FCDE8E167E47 /* Pods_app_JGAlgorithms_Swift.framework in Frameworks */ = {isa = PBXBuildFile; fileRef = DE77D3435ECA052136B7B1DC /* Pods_app_JGAlgorithms_Swift.framework */; };
		3A4F1F070040A9416FB82AF7 /* Pods_app_JGAlgorithms_Tests.framework in Frameworks */ = {isa = PBXBuildFile; fileRef = AFF9345055BE812A7BC7860D /* Pods_app_JGAlgorithms_Tests.framework */; };
		550311D6026229121B4D3891 /* Pods_app_JGAlgorithms_Example.framework in Frameworks */ = {isa = PBXBuildFile; fileRef = 731C565E0A173BE533DD64A6 /* Pods_app_JGAlgorithms_Example.framework */; };
		6003F58E195388D20070C39A /* Foundation.framework in Frameworks */ = {isa = PBXBuildFile; fileRef = 6003F58D195388D20070C39A /* Foundation.framework */; };
		6003F590195388D20070C39A /* CoreGraphics.framework in Frameworks */ = {isa = PBXBuildFile; fileRef = 6003F58F195388D20070C39A /* CoreGraphics.framework */; };
		6003F592195388D20070C39A /* UIKit.framework in Frameworks */ = {isa = PBXBuildFile; fileRef = 6003F591195388D20070C39A /* UIKit.framework */; };
		6003F598195388D20070C39A /* InfoPlist.strings in Resources */ = {isa = PBXBuildFile; fileRef = 6003F596195388D20070C39A /* InfoPlist.strings */; };
		6003F59A195388D20070C39A /* main.m in Sources */ = {isa = PBXBuildFile; fileRef = 6003F599195388D20070C39A /* main.m */; };
		6003F59E195388D20070C39A /* JGAppDelegate.m in Sources */ = {isa = PBXBuildFile; fileRef = 6003F59D195388D20070C39A /* JGAppDelegate.m */; };
		6003F5A7195388D20070C39A /* JGViewController.m in Sources */ = {isa = PBXBuildFile; fileRef = 6003F5A6195388D20070C39A /* JGViewController.m */; };
		6003F5A9195388D20070C39A /* Images.xcassets in Resources */ = {isa = PBXBuildFile; fileRef = 6003F5A8195388D20070C39A /* Images.xcassets */; };
		6003F5B0195388D20070C39A /* XCTest.framework in Frameworks */ = {isa = PBXBuildFile; fileRef = 6003F5AF195388D20070C39A /* XCTest.framework */; };
		6003F5B1195388D20070C39A /* Foundation.framework in Frameworks */ = {isa = PBXBuildFile; fileRef = 6003F58D195388D20070C39A /* Foundation.framework */; };
		6003F5B2195388D20070C39A /* UIKit.framework in Frameworks */ = {isa = PBXBuildFile; fileRef = 6003F591195388D20070C39A /* UIKit.framework */; };
		6003F5BA195388D20070C39A /* InfoPlist.strings in Resources */ = {isa = PBXBuildFile; fileRef = 6003F5B8195388D20070C39A /* InfoPlist.strings */; };
		6003F5BC195388D20070C39A /* JGTreeTests.m in Sources */ = {isa = PBXBuildFile; fileRef = 6003F5BB195388D20070C39A /* JGTreeTests.m */; };
		7170979A1E3547690027B63C /* LaunchScreen.storyboard in Resources */ = {isa = PBXBuildFile; fileRef = 717097981E3547690027B63C /* LaunchScreen.storyboard */; };
		717E281F1E306621006FB798 /* JGListTests.m in Sources */ = {isa = PBXBuildFile; fileRef = 717E281E1E306621006FB798 /* JGListTests.m */; };
		71B3C55B1E35958B00AAC5A1 /* AppDelegate.swift in Sources */ = {isa = PBXBuildFile; fileRef = 71B3C55A1E35958B00AAC5A1 /* AppDelegate.swift */; };
		71B3C55D1E35958B00AAC5A1 /* ViewController.swift in Sources */ = {isa = PBXBuildFile; fileRef = 71B3C55C1E35958B00AAC5A1 /* ViewController.swift */; };
		71B3C5601E35958B00AAC5A1 /* Main.storyboard in Resources */ = {isa = PBXBuildFile; fileRef = 71B3C55E1E35958B00AAC5A1 /* Main.storyboard */; };
		71B3C5621E35958B00AAC5A1 /* Assets.xcassets in Resources */ = {isa = PBXBuildFile; fileRef = 71B3C5611E35958B00AAC5A1 /* Assets.xcassets */; };
		71B3C5651E35958B00AAC5A1 /* LaunchScreen.storyboard in Resources */ = {isa = PBXBuildFile; fileRef = 71B3C5631E35958B00AAC5A1 /* LaunchScreen.storyboard */; };
		71B3C5701E35958B00AAC5A1 /* JGAlgorithms_SwiftTests.swift in Sources */ = {isa = PBXBuildFile; fileRef = 71B3C56F1E35958B00AAC5A1 /* JGAlgorithms_SwiftTests.swift */; };
		71BFAB4B1E35A07500F63D6C /* CoreGraphics.framework in Frameworks */ = {isa = PBXBuildFile; fileRef = 6003F58F195388D20070C39A /* CoreGraphics.framework */; };
		71BFAB4C1E35A07D00F63D6C /* UIKit.framework in Frameworks */ = {isa = PBXBuildFile; fileRef = 6003F591195388D20070C39A /* UIKit.framework */; };
		71BFAB4D1E35A08200F63D6C /* Foundation.framework in Frameworks */ = {isa = PBXBuildFile; fileRef = 6003F58D195388D20070C39A /* Foundation.framework */; };
		873B8AEB1B1F5CCA007FD442 /* Main.storyboard in Resources */ = {isa = PBXBuildFile; fileRef = 873B8AEA1B1F5CCA007FD442 /* Main.storyboard */; };
		E1FDA61B7880F02B1D8C6BCC /* Pods_JGAlgorithms_Example.framework in Frameworks */ = {isa = PBXBuildFile; fileRef = 77AAD1E845BAE0EB1C70B7A8 /* Pods_JGAlgorithms_Example.framework */; };
/* End PBXBuildFile section */

/* Begin PBXContainerItemProxy section */
		6003F5B3195388D20070C39A /* PBXContainerItemProxy */ = {
			isa = PBXContainerItemProxy;
			containerPortal = 6003F582195388D10070C39A /* Project object */;
			proxyType = 1;
			remoteGlobalIDString = 6003F589195388D20070C39A;
			remoteInfo = JGAlgorithms;
		};
		71B3C56C1E35958B00AAC5A1 /* PBXContainerItemProxy */ = {
			isa = PBXContainerItemProxy;
			containerPortal = 6003F582195388D10070C39A /* Project object */;
			proxyType = 1;
			remoteGlobalIDString = 71B3C5571E35958B00AAC5A1;
			remoteInfo = "JGAlgorithms-Swift";
		};
/* End PBXContainerItemProxy section */

/* Begin PBXFileReference section */
		08BC7BC7DEADC9306012F4DD /* Pods-JGAlgorithms_Tests.release.xcconfig */ = {isa = PBXFileReference; includeInIndex = 1; lastKnownFileType = text.xcconfig; name = "Pods-JGAlgorithms_Tests.release.xcconfig"; path = "Pods/Target Support Files/Pods-JGAlgorithms_Tests/Pods-JGAlgorithms_Tests.release.xcconfig"; sourceTree = "<group>"; };
		314BC3C0CCCF000F01837FCB /* Pods-app-JGAlgorithms-SwiftTests.debug.xcconfig */ = {isa = PBXFileReference; includeInIndex = 1; lastKnownFileType = text.xcconfig; name = "Pods-app-JGAlgorithms-SwiftTests.debug.xcconfig"; path = "Pods/Target Support Files/Pods-app-JGAlgorithms-SwiftTests/Pods-app-JGAlgorithms-SwiftTests.debug.xcconfig"; sourceTree = "<group>"; };
		4E834A92EADFD7AEBA95795F /* Pods-app-JGAlgorithms_Example.debug.xcconfig */ = {isa = PBXFileReference; includeInIndex = 1; lastKnownFileType = text.xcconfig; name = "Pods-app-JGAlgorithms_Example.debug.xcconfig"; path = "Pods/Target Support Files/Pods-app-JGAlgorithms_Example/Pods-app-JGAlgorithms_Example.debug.xcconfig"; sourceTree = "<group>"; };
		59244D7F976DBEEE1345BB05 /* Pods-app-JGAlgorithms_Example.release.xcconfig */ = {isa = PBXFileReference; includeInIndex = 1; lastKnownFileType = text.xcconfig; name = "Pods-app-JGAlgorithms_Example.release.xcconfig"; path = "Pods/Target Support Files/Pods-app-JGAlgorithms_Example/Pods-app-JGAlgorithms_Example.release.xcconfig"; sourceTree = "<group>"; };
		6003F58A195388D20070C39A /* JGAlgorithms_Example.app */ = {isa = PBXFileReference; explicitFileType = wrapper.application; includeInIndex = 0; path = JGAlgorithms_Example.app; sourceTree = BUILT_PRODUCTS_DIR; };
		6003F58D195388D20070C39A /* Foundation.framework */ = {isa = PBXFileReference; lastKnownFileType = wrapper.framework; name = Foundation.framework; path = System/Library/Frameworks/Foundation.framework; sourceTree = SDKROOT; };
		6003F58F195388D20070C39A /* CoreGraphics.framework */ = {isa = PBXFileReference; lastKnownFileType = wrapper.framework; name = CoreGraphics.framework; path = System/Library/Frameworks/CoreGraphics.framework; sourceTree = SDKROOT; };
		6003F591195388D20070C39A /* UIKit.framework */ = {isa = PBXFileReference; lastKnownFileType = wrapper.framework; name = UIKit.framework; path = System/Library/Frameworks/UIKit.framework; sourceTree = SDKROOT; };
		6003F595195388D20070C39A /* JGAlgorithms-Info.plist */ = {isa = PBXFileReference; lastKnownFileType = text.plist.xml; path = "JGAlgorithms-Info.plist"; sourceTree = "<group>"; };
		6003F597195388D20070C39A /* en */ = {isa = PBXFileReference; lastKnownFileType = text.plist.strings; name = en; path = en.lproj/InfoPlist.strings; sourceTree = "<group>"; };
		6003F599195388D20070C39A /* main.m */ = {isa = PBXFileReference; lastKnownFileType = sourcecode.c.objc; path = main.m; sourceTree = "<group>"; };
		6003F59B195388D20070C39A /* JGAlgorithms-Prefix.pch */ = {isa = PBXFileReference; lastKnownFileType = sourcecode.c.h; path = "JGAlgorithms-Prefix.pch"; sourceTree = "<group>"; };
		6003F59C195388D20070C39A /* JGAppDelegate.h */ = {isa = PBXFileReference; lastKnownFileType = sourcecode.c.h; path = JGAppDelegate.h; sourceTree = "<group>"; };
		6003F59D195388D20070C39A /* JGAppDelegate.m */ = {isa = PBXFileReference; lastKnownFileType = sourcecode.c.objc; path = JGAppDelegate.m; sourceTree = "<group>"; };
		6003F5A5195388D20070C39A /* JGViewController.h */ = {isa = PBXFileReference; lastKnownFileType = sourcecode.c.h; path = JGViewController.h; sourceTree = "<group>"; };
		6003F5A6195388D20070C39A /* JGViewController.m */ = {isa = PBXFileReference; lastKnownFileType = sourcecode.c.objc; path = JGViewController.m; sourceTree = "<group>"; };
		6003F5A8195388D20070C39A /* Images.xcassets */ = {isa = PBXFileReference; lastKnownFileType = folder.assetcatalog; path = Images.xcassets; sourceTree = "<group>"; };
		6003F5AE195388D20070C39A /* JGAlgorithms_Tests.xctest */ = {isa = PBXFileReference; explicitFileType = wrapper.cfbundle; includeInIndex = 0; path = JGAlgorithms_Tests.xctest; sourceTree = BUILT_PRODUCTS_DIR; };
		6003F5AF195388D20070C39A /* XCTest.framework */ = {isa = PBXFileReference; lastKnownFileType = wrapper.framework; name = XCTest.framework; path = Library/Frameworks/XCTest.framework; sourceTree = DEVELOPER_DIR; };
		6003F5B7195388D20070C39A /* Tests-Info.plist */ = {isa = PBXFileReference; lastKnownFileType = text.plist.xml; path = "Tests-Info.plist"; sourceTree = "<group>"; };
		6003F5B9195388D20070C39A /* en */ = {isa = PBXFileReference; lastKnownFileType = text.plist.strings; name = en; path = en.lproj/InfoPlist.strings; sourceTree = "<group>"; };
		6003F5BB195388D20070C39A /* JGTreeTests.m */ = {isa = PBXFileReference; lastKnownFileType = sourcecode.c.objc; path = JGTreeTests.m; sourceTree = "<group>"; };
		606FC2411953D9B200FFA9A0 /* Tests-Prefix.pch */ = {isa = PBXFileReference; lastKnownFileType = sourcecode.c.h; path = "Tests-Prefix.pch"; sourceTree = "<group>"; };
		6D550B33E8F6A0EB7CD1A08B /* JGAlgorithms.podspec */ = {isa = PBXFileReference; includeInIndex = 1; lastKnownFileType = text; name = JGAlgorithms.podspec; path = ../JGAlgorithms.podspec; sourceTree = "<group>"; };
		703D149E90CA98FB46CC291B /* Pods-app-JGAlgorithms-Swift.release.xcconfig */ = {isa = PBXFileReference; includeInIndex = 1; lastKnownFileType = text.xcconfig; name = "Pods-app-JGAlgorithms-Swift.release.xcconfig"; path = "Pods/Target Support Files/Pods-app-JGAlgorithms-Swift/Pods-app-JGAlgorithms-Swift.release.xcconfig"; sourceTree = "<group>"; };
		717097991E3547690027B63C /* Base */ = {isa = PBXFileReference; lastKnownFileType = file.storyboard; name = Base; path = Base.lproj/LaunchScreen.storyboard; sourceTree = "<group>"; };
		717E281E1E306621006FB798 /* JGListTests.m */ = {isa = PBXFileReference; fileEncoding = 4; lastKnownFileType = sourcecode.c.objc; path = JGListTests.m; sourceTree = "<group>"; };
		71B3C5581E35958B00AAC5A1 /* JGAlgorithms-Swift.app */ = {isa = PBXFileReference; explicitFileType = wrapper.application; includeInIndex = 0; path = "JGAlgorithms-Swift.app"; sourceTree = BUILT_PRODUCTS_DIR; };
		71B3C55A1E35958B00AAC5A1 /* AppDelegate.swift */ = {isa = PBXFileReference; lastKnownFileType = sourcecode.swift; path = AppDelegate.swift; sourceTree = "<group>"; };
		71B3C55C1E35958B00AAC5A1 /* ViewController.swift */ = {isa = PBXFileReference; lastKnownFileType = sourcecode.swift; path = ViewController.swift; sourceTree = "<group>"; };
		71B3C55F1E35958B00AAC5A1 /* Base */ = {isa = PBXFileReference; lastKnownFileType = file.storyboard; name = Base; path = Base.lproj/Main.storyboard; sourceTree = "<group>"; };
		71B3C5611E35958B00AAC5A1 /* Assets.xcassets */ = {isa = PBXFileReference; lastKnownFileType = folder.assetcatalog; path = Assets.xcassets; sourceTree = "<group>"; };
		71B3C5641E35958B00AAC5A1 /* Base */ = {isa = PBXFileReference; lastKnownFileType = file.storyboard; name = Base; path = Base.lproj/LaunchScreen.storyboard; sourceTree = "<group>"; };
		71B3C5661E35958B00AAC5A1 /* Info.plist */ = {isa = PBXFileReference; lastKnownFileType = text.plist.xml; path = Info.plist; sourceTree = "<group>"; };
		71B3C56B1E35958B00AAC5A1 /* JGAlgorithms-SwiftTests.xctest */ = {isa = PBXFileReference; explicitFileType = wrapper.cfbundle; includeInIndex = 0; path = "JGAlgorithms-SwiftTests.xctest"; sourceTree = BUILT_PRODUCTS_DIR; };
		71B3C56F1E35958B00AAC5A1 /* JGAlgorithms_SwiftTests.swift */ = {isa = PBXFileReference; lastKnownFileType = sourcecode.swift; path = JGAlgorithms_SwiftTests.swift; sourceTree = "<group>"; };
		71B3C5711E35958B00AAC5A1 /* Info.plist */ = {isa = PBXFileReference; lastKnownFileType = text.plist.xml; path = Info.plist; sourceTree = "<group>"; };
		71BFAB451E359F5600F63D6C /* JGAlgorithms.framework */ = {isa = PBXFileReference; lastKnownFileType = wrapper.framework; name = JGAlgorithms.framework; path = "../../../../Library/Developer/Xcode/DerivedData/JGAlgorithms-eeuuvzlxjkedgeanlwwgaffnbnmn/Build/Products/Debug-iphonesimulator/JGAlgorithms/JGAlgorithms.framework"; sourceTree = "<group>"; };
		71BFAB491E35A06400F63D6C /* Pods_JGAlgorithms_Example.framework */ = {isa = PBXFileReference; lastKnownFileType = wrapper.framework; name = Pods_JGAlgorithms_Example.framework; path = "../../../../Library/Developer/Xcode/DerivedData/JGAlgorithms-eeuuvzlxjkedgeanlwwgaffnbnmn/Build/Products/Debug-iphonesimulator/Pods_JGAlgorithms_Example.framework"; sourceTree = "<group>"; };
		731C24A27DEC0A1689D7971F /* Pods_app_JGAlgorithms_SwiftTests.framework */ = {isa = PBXFileReference; explicitFileType = wrapper.framework; includeInIndex = 0; path = Pods_app_JGAlgorithms_SwiftTests.framework; sourceTree = BUILT_PRODUCTS_DIR; };
		731C565E0A173BE533DD64A6 /* Pods_app_JGAlgorithms_Example.framework */ = {isa = PBXFileReference; explicitFileType = wrapper.framework; includeInIndex = 0; path = Pods_app_JGAlgorithms_Example.framework; sourceTree = BUILT_PRODUCTS_DIR; };
		77AAD1E845BAE0EB1C70B7A8 /* Pods_JGAlgorithms_Example.framework */ = {isa = PBXFileReference; explicitFileType = wrapper.framework; includeInIndex = 0; path = Pods_JGAlgorithms_Example.framework; sourceTree = BUILT_PRODUCTS_DIR; };
		865B51B910FF4BE2037F1901 /* README.md */ = {isa = PBXFileReference; includeInIndex = 1; lastKnownFileType = net.daringfireball.markdown; name = README.md; path = ../README.md; sourceTree = "<group>"; };
		873B8AEA1B1F5CCA007FD442 /* Main.storyboard */ = {isa = PBXFileReference; fileEncoding = 4; lastKnownFileType = file.storyboard; name = Main.storyboard; path = Base.lproj/Main.storyboard; sourceTree = "<group>"; };
		A66E794C03996C5367CA56F0 /* Pods-app-JGAlgorithms-SwiftTests.release.xcconfig */ = {isa = PBXFileReference; includeInIndex = 1; lastKnownFileType = text.xcconfig; name = "Pods-app-JGAlgorithms-SwiftTests.release.xcconfig"; path = "Pods/Target Support Files/Pods-app-JGAlgorithms-SwiftTests/Pods-app-JGAlgorithms-SwiftTests.release.xcconfig"; sourceTree = "<group>"; };
		AE4D2DE8417B553637431576 /* Pods-app-JGAlgorithms_Tests.release.xcconfig */ = {isa = PBXFileReference; includeInIndex = 1; lastKnownFileType = text.xcconfig; name = "Pods-app-JGAlgorithms_Tests.release.xcconfig"; path = "Pods/Target Support Files/Pods-app-JGAlgorithms_Tests/Pods-app-JGAlgorithms_Tests.release.xcconfig"; sourceTree = "<group>"; };
		AFF9345055BE812A7BC7860D /* Pods_app_JGAlgorithms_Tests.framework */ = {isa = PBXFileReference; explicitFileType = wrapper.framework; includeInIndex = 0; path = Pods_app_JGAlgorithms_Tests.framework; sourceTree = BUILT_PRODUCTS_DIR; };
		B572CEA30C49B7009D38FD64 /* Pods-JGAlgorithms_Tests.debug.xcconfig */ = {isa = PBXFileReference; includeInIndex = 1; lastKnownFileType = text.xcconfig; name = "Pods-JGAlgorithms_Tests.debug.xcconfig"; path = "Pods/Target Support Files/Pods-JGAlgorithms_Tests/Pods-JGAlgorithms_Tests.debug.xcconfig"; sourceTree = "<group>"; };
		D062770854C72FDA9AF73BEC /* Pods_JGAlgorithms_Tests.framework */ = {isa = PBXFileReference; explicitFileType = wrapper.framework; includeInIndex = 0; path = Pods_JGAlgorithms_Tests.framework; sourceTree = BUILT_PRODUCTS_DIR; };
		DBC515FFEEA299692066553F /* Pods-app-JGAlgorithms-Swift.debug.xcconfig */ = {isa = PBXFileReference; includeInIndex = 1; lastKnownFileType = text.xcconfig; name = "Pods-app-JGAlgorithms-Swift.debug.xcconfig"; path = "Pods/Target Support Files/Pods-app-JGAlgorithms-Swift/Pods-app-JGAlgorithms-Swift.debug.xcconfig"; sourceTree = "<group>"; };
		DE77D3435ECA052136B7B1DC /* Pods_app_JGAlgorithms_Swift.framework */ = {isa = PBXFileReference; explicitFileType = wrapper.framework; includeInIndex = 0; path = Pods_app_JGAlgorithms_Swift.framework; sourceTree = BUILT_PRODUCTS_DIR; };
		ED18DC80BE9F86116889F8E7 /* Pods-app-JGAlgorithms_Tests.debug.xcconfig */ = {isa = PBXFileReference; includeInIndex = 1; lastKnownFileType = text.xcconfig; name = "Pods-app-JGAlgorithms_Tests.debug.xcconfig"; path = "Pods/Target Support Files/Pods-app-JGAlgorithms_Tests/Pods-app-JGAlgorithms_Tests.debug.xcconfig"; sourceTree = "<group>"; };
		F7F1A2EF841F1DED81E2C478 /* LICENSE */ = {isa = PBXFileReference; includeInIndex = 1; lastKnownFileType = text; name = LICENSE; path = ../LICENSE; sourceTree = "<group>"; };
/* End PBXFileReference section */

/* Begin PBXFrameworksBuildPhase section */
		6003F587195388D20070C39A /* Frameworks */ = {
			isa = PBXFrameworksBuildPhase;
			buildActionMask = 2147483647;
			files = (
				6003F590195388D20070C39A /* CoreGraphics.framework in Frameworks */,
				6003F592195388D20070C39A /* UIKit.framework in Frameworks */,
				6003F58E195388D20070C39A /* Foundation.framework in Frameworks */,
				E1FDA61B7880F02B1D8C6BCC /* Pods_JGAlgorithms_Example.framework in Frameworks */,
				550311D6026229121B4D3891 /* Pods_app_JGAlgorithms_Example.framework in Frameworks */,
			);
			runOnlyForDeploymentPostprocessing = 0;
		};
		6003F5AB195388D20070C39A /* Frameworks */ = {
			isa = PBXFrameworksBuildPhase;
			buildActionMask = 2147483647;
			files = (
				6003F5B0195388D20070C39A /* XCTest.framework in Frameworks */,
				6003F5B2195388D20070C39A /* UIKit.framework in Frameworks */,
				6003F5B1195388D20070C39A /* Foundation.framework in Frameworks */,
				0F7D073F89049A1A3B68B2E8 /* Pods_JGAlgorithms_Tests.framework in Frameworks */,
				3A4F1F070040A9416FB82AF7 /* Pods_app_JGAlgorithms_Tests.framework in Frameworks */,
			);
			runOnlyForDeploymentPostprocessing = 0;
		};
		71B3C5551E35958B00AAC5A1 /* Frameworks */ = {
			isa = PBXFrameworksBuildPhase;
			buildActionMask = 2147483647;
			files = (
				71BFAB4D1E35A08200F63D6C /* Foundation.framework in Frameworks */,
				71BFAB4C1E35A07D00F63D6C /* UIKit.framework in Frameworks */,
				71BFAB4B1E35A07500F63D6C /* CoreGraphics.framework in Frameworks */,
				2135B188B7D7FCDE8E167E47 /* Pods_app_JGAlgorithms_Swift.framework in Frameworks */,
			);
			runOnlyForDeploymentPostprocessing = 0;
		};
		71B3C5681E35958B00AAC5A1 /* Frameworks */ = {
			isa = PBXFrameworksBuildPhase;
			buildActionMask = 2147483647;
			files = (
				125358385D5B0FB55B098B9D /* Pods_app_JGAlgorithms_SwiftTests.framework in Frameworks */,
			);
			runOnlyForDeploymentPostprocessing = 0;
		};
/* End PBXFrameworksBuildPhase section */

/* Begin PBXGroup section */
		5260162D59AD7056989270D4 /* Pods */ = {
			isa = PBXGroup;
			children = (
				B572CEA30C49B7009D38FD64 /* Pods-JGAlgorithms_Tests.debug.xcconfig */,
				08BC7BC7DEADC9306012F4DD /* Pods-JGAlgorithms_Tests.release.xcconfig */,
				DBC515FFEEA299692066553F /* Pods-app-JGAlgorithms-Swift.debug.xcconfig */,
				703D149E90CA98FB46CC291B /* Pods-app-JGAlgorithms-Swift.release.xcconfig */,
				4E834A92EADFD7AEBA95795F /* Pods-app-JGAlgorithms_Example.debug.xcconfig */,
				59244D7F976DBEEE1345BB05 /* Pods-app-JGAlgorithms_Example.release.xcconfig */,
				314BC3C0CCCF000F01837FCB /* Pods-app-JGAlgorithms-SwiftTests.debug.xcconfig */,
				A66E794C03996C5367CA56F0 /* Pods-app-JGAlgorithms-SwiftTests.release.xcconfig */,
				ED18DC80BE9F86116889F8E7 /* Pods-app-JGAlgorithms_Tests.debug.xcconfig */,
				AE4D2DE8417B553637431576 /* Pods-app-JGAlgorithms_Tests.release.xcconfig */,
			);
			name = Pods;
			sourceTree = "<group>";
		};
		6003F581195388D10070C39A = {
			isa = PBXGroup;
			children = (
				60FF7A9C1954A5C5007DD14C /* Podspec Metadata */,
				6003F593195388D20070C39A /* Example for JGAlgorithms in ObjC */,
				6003F5B5195388D20070C39A /* ObjC Tests */,
				71B3C5591E35958B00AAC5A1 /* Example for JGAlgorithms in Swift */,
				71B3C56E1E35958B00AAC5A1 /* Swift Tests */,
				6003F58C195388D20070C39A /* Frameworks */,
				6003F58B195388D20070C39A /* Products */,
				5260162D59AD7056989270D4 /* Pods */,
			);
			sourceTree = "<group>";
		};
		6003F58B195388D20070C39A /* Products */ = {
			isa = PBXGroup;
			children = (
				6003F58A195388D20070C39A /* JGAlgorithms_Example.app */,
				6003F5AE195388D20070C39A /* JGAlgorithms_Tests.xctest */,
				71B3C5581E35958B00AAC5A1 /* JGAlgorithms-Swift.app */,
				71B3C56B1E35958B00AAC5A1 /* JGAlgorithms-SwiftTests.xctest */,
			);
			name = Products;
			sourceTree = "<group>";
		};
		6003F58C195388D20070C39A /* Frameworks */ = {
			isa = PBXGroup;
			children = (
				71BFAB491E35A06400F63D6C /* Pods_JGAlgorithms_Example.framework */,
				71BFAB451E359F5600F63D6C /* JGAlgorithms.framework */,
				6003F58D195388D20070C39A /* Foundation.framework */,
				6003F58F195388D20070C39A /* CoreGraphics.framework */,
				6003F591195388D20070C39A /* UIKit.framework */,
				6003F5AF195388D20070C39A /* XCTest.framework */,
				77AAD1E845BAE0EB1C70B7A8 /* Pods_JGAlgorithms_Example.framework */,
				D062770854C72FDA9AF73BEC /* Pods_JGAlgorithms_Tests.framework */,
				DE77D3435ECA052136B7B1DC /* Pods_app_JGAlgorithms_Swift.framework */,
				731C565E0A173BE533DD64A6 /* Pods_app_JGAlgorithms_Example.framework */,
				731C24A27DEC0A1689D7971F /* Pods_app_JGAlgorithms_SwiftTests.framework */,
				AFF9345055BE812A7BC7860D /* Pods_app_JGAlgorithms_Tests.framework */,
			);
			name = Frameworks;
			sourceTree = "<group>";
		};
		6003F593195388D20070C39A /* Example for JGAlgorithms in ObjC */ = {
			isa = PBXGroup;
			children = (
				6003F59C195388D20070C39A /* JGAppDelegate.h */,
				6003F59D195388D20070C39A /* JGAppDelegate.m */,
				873B8AEA1B1F5CCA007FD442 /* Main.storyboard */,
				6003F5A5195388D20070C39A /* JGViewController.h */,
				6003F5A6195388D20070C39A /* JGViewController.m */,
				6003F5A8195388D20070C39A /* Images.xcassets */,
				6003F594195388D20070C39A /* Supporting Files */,
			);
			name = "Example for JGAlgorithms in ObjC";
			path = JGAlgorithms;
			sourceTree = "<group>";
		};
		6003F594195388D20070C39A /* Supporting Files */ = {
			isa = PBXGroup;
			children = (
				717097981E3547690027B63C /* LaunchScreen.storyboard */,
				6003F595195388D20070C39A /* JGAlgorithms-Info.plist */,
				6003F596195388D20070C39A /* InfoPlist.strings */,
				6003F599195388D20070C39A /* main.m */,
				6003F59B195388D20070C39A /* JGAlgorithms-Prefix.pch */,
			);
			name = "Supporting Files";
			sourceTree = "<group>";
		};
		6003F5B5195388D20070C39A /* ObjC Tests */ = {
			isa = PBXGroup;
			children = (
				6003F5BB195388D20070C39A /* JGTreeTests.m */,
				717E281E1E306621006FB798 /* JGListTests.m */,
				6003F5B6195388D20070C39A /* Supporting Files */,
			);
			name = "ObjC Tests";
			path = Tests;
			sourceTree = "<group>";
		};
		6003F5B6195388D20070C39A /* Supporting Files */ = {
			isa = PBXGroup;
			children = (
				6003F5B7195388D20070C39A /* Tests-Info.plist */,
				6003F5B8195388D20070C39A /* InfoPlist.strings */,
				606FC2411953D9B200FFA9A0 /* Tests-Prefix.pch */,
			);
			name = "Supporting Files";
			sourceTree = "<group>";
		};
		60FF7A9C1954A5C5007DD14C /* Podspec Metadata */ = {
			isa = PBXGroup;
			children = (
				6D550B33E8F6A0EB7CD1A08B /* JGAlgorithms.podspec */,
				865B51B910FF4BE2037F1901 /* README.md */,
				F7F1A2EF841F1DED81E2C478 /* LICENSE */,
			);
			name = "Podspec Metadata";
			sourceTree = "<group>";
		};
		71B3C5591E35958B00AAC5A1 /* Example for JGAlgorithms in Swift */ = {
			isa = PBXGroup;
			children = (
				71B3C55A1E35958B00AAC5A1 /* AppDelegate.swift */,
				71B3C55C1E35958B00AAC5A1 /* ViewController.swift */,
				71B3C55E1E35958B00AAC5A1 /* Main.storyboard */,
				71B3C5611E35958B00AAC5A1 /* Assets.xcassets */,
				71B3C5631E35958B00AAC5A1 /* LaunchScreen.storyboard */,
				71B3C5661E35958B00AAC5A1 /* Info.plist */,
			);
			name = "Example for JGAlgorithms in Swift";
			path = "JGAlgorithms-Swift";
			sourceTree = "<group>";
		};
		71B3C56E1E35958B00AAC5A1 /* Swift Tests */ = {
			isa = PBXGroup;
			children = (
				71B3C56F1E35958B00AAC5A1 /* JGAlgorithms_SwiftTests.swift */,
				71B3C5711E35958B00AAC5A1 /* Info.plist */,
			);
			name = "Swift Tests";
			path = "JGAlgorithms-SwiftTests";
			sourceTree = "<group>";
		};
/* End PBXGroup section */

/* Begin PBXNativeTarget section */
		6003F589195388D20070C39A /* JGAlgorithms_Example */ = {
			isa = PBXNativeTarget;
			buildConfigurationList = 6003F5BF195388D20070C39A /* Build configuration list for PBXNativeTarget "JGAlgorithms_Example" */;
			buildPhases = (
				454A0648164F62B5D92A47C1 /* [CP] Check Pods Manifest.lock */,
				6003F586195388D20070C39A /* Sources */,
				6003F587195388D20070C39A /* Frameworks */,
				6003F588195388D20070C39A /* Resources */,
				99A0FF1B89FEDEB020668ABA /* [CP] Embed Pods Frameworks */,
				AB68D4CB1C670612B7AEBCD3 /* [CP] Copy Pods Resources */,
			);
			buildRules = (
			);
			dependencies = (
			);
			name = JGAlgorithms_Example;
			productName = JGAlgorithms;
			productReference = 6003F58A195388D20070C39A /* JGAlgorithms_Example.app */;
			productType = "com.apple.product-type.application";
		};
		6003F5AD195388D20070C39A /* JGAlgorithms_Tests */ = {
			isa = PBXNativeTarget;
			buildConfigurationList = 6003F5C2195388D20070C39A /* Build configuration list for PBXNativeTarget "JGAlgorithms_Tests" */;
			buildPhases = (
				36B5200CD34A7B1FDA7DAE18 /* [CP] Check Pods Manifest.lock */,
				6003F5AA195388D20070C39A /* Sources */,
				6003F5AB195388D20070C39A /* Frameworks */,
				6003F5AC195388D20070C39A /* Resources */,
				BBC85B791A06A144B497BE4E /* [CP] Embed Pods Frameworks */,
				49CEE43A15FE37B8092CA760 /* [CP] Copy Pods Resources */,
			);
			buildRules = (
			);
			dependencies = (
				6003F5B4195388D20070C39A /* PBXTargetDependency */,
			);
			name = JGAlgorithms_Tests;
			productName = JGAlgorithmsTests;
			productReference = 6003F5AE195388D20070C39A /* JGAlgorithms_Tests.xctest */;
			productType = "com.apple.product-type.bundle.unit-test";
		};
		71B3C5571E35958B00AAC5A1 /* JGAlgorithms-Swift */ = {
			isa = PBXNativeTarget;
			buildConfigurationList = 71B3C5761E35958B00AAC5A1 /* Build configuration list for PBXNativeTarget "JGAlgorithms-Swift" */;
			buildPhases = (
				6DA5C73AA2A3127E9AFF2CDE /* [CP] Check Pods Manifest.lock */,
				71B3C5541E35958B00AAC5A1 /* Sources */,
				71B3C5551E35958B00AAC5A1 /* Frameworks */,
				71B3C5561E35958B00AAC5A1 /* Resources */,
				822F72B7230B03A87152243B /* [CP] Embed Pods Frameworks */,
				884AB4A5F3D2633EFD32919A /* [CP] Copy Pods Resources */,
			);
			buildRules = (
			);
			dependencies = (
			);
			name = "JGAlgorithms-Swift";
			productName = "JGAlgorithms-Swift";
			productReference = 71B3C5581E35958B00AAC5A1 /* JGAlgorithms-Swift.app */;
			productType = "com.apple.product-type.application";
		};
		71B3C56A1E35958B00AAC5A1 /* JGAlgorithms-SwiftTests */ = {
			isa = PBXNativeTarget;
			buildConfigurationList = 71B3C5771E35958B00AAC5A1 /* Build configuration list for PBXNativeTarget "JGAlgorithms-SwiftTests" */;
			buildPhases = (
				01BFB9599301A250A0ACFACF /* [CP] Check Pods Manifest.lock */,
				71B3C5671E35958B00AAC5A1 /* Sources */,
				71B3C5681E35958B00AAC5A1 /* Frameworks */,
				71B3C5691E35958B00AAC5A1 /* Resources */,
				04B7FF9E0E9576A9C0D00D90 /* [CP] Embed Pods Frameworks */,
				DDC655997875FD6CA806AF34 /* [CP] Copy Pods Resources */,
			);
			buildRules = (
			);
			dependencies = (
				71B3C56D1E35958B00AAC5A1 /* PBXTargetDependency */,
			);
			name = "JGAlgorithms-SwiftTests";
			productName = "JGAlgorithms-SwiftTests";
			productReference = 71B3C56B1E35958B00AAC5A1 /* JGAlgorithms-SwiftTests.xctest */;
			productType = "com.apple.product-type.bundle.unit-test";
		};
/* End PBXNativeTarget section */

/* Begin PBXProject section */
		6003F582195388D10070C39A /* Project object */ = {
			isa = PBXProject;
			attributes = {
				CLASSPREFIX = JG;
				LastSwiftUpdateCheck = 0820;
				LastUpgradeCheck = 0820;
				ORGANIZATIONNAME = "Julian Gutierrez Ferrara";
				TargetAttributes = {
					6003F5AD195388D20070C39A = {
						LastSwiftMigration = 0820;
						TestTargetID = 6003F589195388D20070C39A;
					};
					71B3C5571E35958B00AAC5A1 = {
						CreatedOnToolsVersion = 8.2.1;
						LastSwiftMigration = 0820;
						ProvisioningStyle = Automatic;
					};
					71B3C56A1E35958B00AAC5A1 = {
						CreatedOnToolsVersion = 8.2.1;
						LastSwiftMigration = 0820;
						ProvisioningStyle = Automatic;
						TestTargetID = 71B3C5571E35958B00AAC5A1;
					};
				};
			};
			buildConfigurationList = 6003F585195388D10070C39A /* Build configuration list for PBXProject "JGAlgorithms" */;
			compatibilityVersion = "Xcode 3.2";
			developmentRegion = English;
			hasScannedForEncodings = 0;
			knownRegions = (
				en,
				Base,
			);
			mainGroup = 6003F581195388D10070C39A;
			productRefGroup = 6003F58B195388D20070C39A /* Products */;
			projectDirPath = "";
			projectRoot = "";
			targets = (
				6003F589195388D20070C39A /* JGAlgorithms_Example */,
				6003F5AD195388D20070C39A /* JGAlgorithms_Tests */,
				71B3C5571E35958B00AAC5A1 /* JGAlgorithms-Swift */,
				71B3C56A1E35958B00AAC5A1 /* JGAlgorithms-SwiftTests */,
			);
		};
/* End PBXProject section */

/* Begin PBXResourcesBuildPhase section */
		6003F588195388D20070C39A /* Resources */ = {
			isa = PBXResourcesBuildPhase;
			buildActionMask = 2147483647;
			files = (
				873B8AEB1B1F5CCA007FD442 /* Main.storyboard in Resources */,
				7170979A1E3547690027B63C /* LaunchScreen.storyboard in Resources */,
				6003F5A9195388D20070C39A /* Images.xcassets in Resources */,
				6003F598195388D20070C39A /* InfoPlist.strings in Resources */,
			);
			runOnlyForDeploymentPostprocessing = 0;
		};
		6003F5AC195388D20070C39A /* Resources */ = {
			isa = PBXResourcesBuildPhase;
			buildActionMask = 2147483647;
			files = (
				6003F5BA195388D20070C39A /* InfoPlist.strings in Resources */,
			);
			runOnlyForDeploymentPostprocessing = 0;
		};
		71B3C5561E35958B00AAC5A1 /* Resources */ = {
			isa = PBXResourcesBuildPhase;
			buildActionMask = 2147483647;
			files = (
				71B3C5651E35958B00AAC5A1 /* LaunchScreen.storyboard in Resources */,
				71B3C5621E35958B00AAC5A1 /* Assets.xcassets in Resources */,
				71B3C5601E35958B00AAC5A1 /* Main.storyboard in Resources */,
			);
			runOnlyForDeploymentPostprocessing = 0;
		};
		71B3C5691E35958B00AAC5A1 /* Resources */ = {
			isa = PBXResourcesBuildPhase;
			buildActionMask = 2147483647;
			files = (
			);
			runOnlyForDeploymentPostprocessing = 0;
		};
/* End PBXResourcesBuildPhase section */

/* Begin PBXShellScriptBuildPhase section */
		01BFB9599301A250A0ACFACF /* [CP] Check Pods Manifest.lock */ = {
			isa = PBXShellScriptBuildPhase;
			buildActionMask = 2147483647;
			files = (
			);
			inputPaths = (
			);
			name = "[CP] Check Pods Manifest.lock";
			outputPaths = (
			);
			runOnlyForDeploymentPostprocessing = 0;
			shellPath = /bin/sh;
			shellScript = "diff \"${PODS_ROOT}/../Podfile.lock\" \"${PODS_ROOT}/Manifest.lock\" > /dev/null\nif [ $? != 0 ] ; then\n    # print error to STDERR\n    echo \"error: The sandbox is not in sync with the Podfile.lock. Run 'pod install' or update your CocoaPods installation.\" >&2\n    exit 1\nfi\n";
			showEnvVarsInLog = 0;
		};
		04B7FF9E0E9576A9C0D00D90 /* [CP] Embed Pods Frameworks */ = {
			isa = PBXShellScriptBuildPhase;
			buildActionMask = 2147483647;
			files = (
			);
			inputPaths = (
			);
			name = "[CP] Embed Pods Frameworks";
			outputPaths = (
			);
			runOnlyForDeploymentPostprocessing = 0;
			shellPath = /bin/sh;
			shellScript = "\"${SRCROOT}/Pods/Target Support Files/Pods-app-JGAlgorithms-SwiftTests/Pods-app-JGAlgorithms-SwiftTests-frameworks.sh\"\n";
			showEnvVarsInLog = 0;
		};
		36B5200CD34A7B1FDA7DAE18 /* [CP] Check Pods Manifest.lock */ = {
			isa = PBXShellScriptBuildPhase;
			buildActionMask = 2147483647;
			files = (
			);
			inputPaths = (
			);
			name = "[CP] Check Pods Manifest.lock";
			outputPaths = (
			);
			runOnlyForDeploymentPostprocessing = 0;
			shellPath = /bin/sh;
			shellScript = "diff \"${PODS_ROOT}/../Podfile.lock\" \"${PODS_ROOT}/Manifest.lock\" > /dev/null\nif [ $? != 0 ] ; then\n    # print error to STDERR\n    echo \"error: The sandbox is not in sync with the Podfile.lock. Run 'pod install' or update your CocoaPods installation.\" >&2\n    exit 1\nfi\n";
			showEnvVarsInLog = 0;
		};
		454A0648164F62B5D92A47C1 /* [CP] Check Pods Manifest.lock */ = {
			isa = PBXShellScriptBuildPhase;
			buildActionMask = 2147483647;
			files = (
			);
			inputPaths = (
			);
			name = "[CP] Check Pods Manifest.lock";
			outputPaths = (
			);
			runOnlyForDeploymentPostprocessing = 0;
			shellPath = /bin/sh;
			shellScript = "diff \"${PODS_ROOT}/../Podfile.lock\" \"${PODS_ROOT}/Manifest.lock\" > /dev/null\nif [ $? != 0 ] ; then\n    # print error to STDERR\n    echo \"error: The sandbox is not in sync with the Podfile.lock. Run 'pod install' or update your CocoaPods installation.\" >&2\n    exit 1\nfi\n";
			showEnvVarsInLog = 0;
		};
		49CEE43A15FE37B8092CA760 /* [CP] Copy Pods Resources */ = {
			isa = PBXShellScriptBuildPhase;
			buildActionMask = 2147483647;
			files = (
			);
			inputPaths = (
			);
			name = "[CP] Copy Pods Resources";
			outputPaths = (
			);
			runOnlyForDeploymentPostprocessing = 0;
			shellPath = /bin/sh;
			shellScript = "\"${SRCROOT}/Pods/Target Support Files/Pods-app-JGAlgorithms_Tests/Pods-app-JGAlgorithms_Tests-resources.sh\"\n";
			showEnvVarsInLog = 0;
		};
		6DA5C73AA2A3127E9AFF2CDE /* [CP] Check Pods Manifest.lock */ = {
			isa = PBXShellScriptBuildPhase;
			buildActionMask = 2147483647;
			files = (
			);
			inputPaths = (
			);
			name = "[CP] Check Pods Manifest.lock";
			outputPaths = (
			);
			runOnlyForDeploymentPostprocessing = 0;
			shellPath = /bin/sh;
			shellScript = "diff \"${PODS_ROOT}/../Podfile.lock\" \"${PODS_ROOT}/Manifest.lock\" > /dev/null\nif [ $? != 0 ] ; then\n    # print error to STDERR\n    echo \"error: The sandbox is not in sync with the Podfile.lock. Run 'pod install' or update your CocoaPods installation.\" >&2\n    exit 1\nfi\n";
			showEnvVarsInLog = 0;
		};
		822F72B7230B03A87152243B /* [CP] Embed Pods Frameworks */ = {
			isa = PBXShellScriptBuildPhase;
			buildActionMask = 2147483647;
			files = (
			);
			inputPaths = (
			);
			name = "[CP] Embed Pods Frameworks";
			outputPaths = (
			);
			runOnlyForDeploymentPostprocessing = 0;
			shellPath = /bin/sh;
			shellScript = "\"${SRCROOT}/Pods/Target Support Files/Pods-app-JGAlgorithms-Swift/Pods-app-JGAlgorithms-Swift-frameworks.sh\"\n";
			showEnvVarsInLog = 0;
		};
		884AB4A5F3D2633EFD32919A /* [CP] Copy Pods Resources */ = {
			isa = PBXShellScriptBuildPhase;
			buildActionMask = 2147483647;
			files = (
			);
			inputPaths = (
			);
			name = "[CP] Copy Pods Resources";
			outputPaths = (
			);
			runOnlyForDeploymentPostprocessing = 0;
			shellPath = /bin/sh;
			shellScript = "\"${SRCROOT}/Pods/Target Support Files/Pods-app-JGAlgorithms-Swift/Pods-app-JGAlgorithms-Swift-resources.sh\"\n";
			showEnvVarsInLog = 0;
		};
		99A0FF1B89FEDEB020668ABA /* [CP] Embed Pods Frameworks */ = {
			isa = PBXShellScriptBuildPhase;
			buildActionMask = 2147483647;
			files = (
			);
			inputPaths = (
			);
			name = "[CP] Embed Pods Frameworks";
			outputPaths = (
			);
			runOnlyForDeploymentPostprocessing = 0;
			shellPath = /bin/sh;
			shellScript = "\"${SRCROOT}/Pods/Target Support Files/Pods-app-JGAlgorithms_Example/Pods-app-JGAlgorithms_Example-frameworks.sh\"\n";
			showEnvVarsInLog = 0;
		};
		AB68D4CB1C670612B7AEBCD3 /* [CP] Copy Pods Resources */ = {
			isa = PBXShellScriptBuildPhase;
			buildActionMask = 2147483647;
			files = (
			);
			inputPaths = (
			);
			name = "[CP] Copy Pods Resources";
			outputPaths = (
			);
			runOnlyForDeploymentPostprocessing = 0;
			shellPath = /bin/sh;
			shellScript = "\"${SRCROOT}/Pods/Target Support Files/Pods-app-JGAlgorithms_Example/Pods-app-JGAlgorithms_Example-resources.sh\"\n";
			showEnvVarsInLog = 0;
		};
		BBC85B791A06A144B497BE4E /* [CP] Embed Pods Frameworks */ = {
			isa = PBXShellScriptBuildPhase;
			buildActionMask = 2147483647;
			files = (
			);
			inputPaths = (
			);
			name = "[CP] Embed Pods Frameworks";
			outputPaths = (
			);
			runOnlyForDeploymentPostprocessing = 0;
			shellPath = /bin/sh;
			shellScript = "\"${SRCROOT}/Pods/Target Support Files/Pods-app-JGAlgorithms_Tests/Pods-app-JGAlgorithms_Tests-frameworks.sh\"\n";
			showEnvVarsInLog = 0;
		};
		DDC655997875FD6CA806AF34 /* [CP] Copy Pods Resources */ = {
			isa = PBXShellScriptBuildPhase;
			buildActionMask = 2147483647;
			files = (
			);
			inputPaths = (
			);
			name = "[CP] Copy Pods Resources";
			outputPaths = (
			);
			runOnlyForDeploymentPostprocessing = 0;
			shellPath = /bin/sh;
			shellScript = "\"${SRCROOT}/Pods/Target Support Files/Pods-app-JGAlgorithms-SwiftTests/Pods-app-JGAlgorithms-SwiftTests-resources.sh\"\n";
			showEnvVarsInLog = 0;
		};
/* End PBXShellScriptBuildPhase section */

/* Begin PBXSourcesBuildPhase section */
		6003F586195388D20070C39A /* Sources */ = {
			isa = PBXSourcesBuildPhase;
			buildActionMask = 2147483647;
			files = (
				6003F59E195388D20070C39A /* JGAppDelegate.m in Sources */,
				6003F5A7195388D20070C39A /* JGViewController.m in Sources */,
				6003F59A195388D20070C39A /* main.m in Sources */,
			);
			runOnlyForDeploymentPostprocessing = 0;
		};
		6003F5AA195388D20070C39A /* Sources */ = {
			isa = PBXSourcesBuildPhase;
			buildActionMask = 2147483647;
			files = (
				717E281F1E306621006FB798 /* JGListTests.m in Sources */,
				6003F5BC195388D20070C39A /* JGTreeTests.m in Sources */,
			);
			runOnlyForDeploymentPostprocessing = 0;
		};
		71B3C5541E35958B00AAC5A1 /* Sources */ = {
			isa = PBXSourcesBuildPhase;
			buildActionMask = 2147483647;
			files = (
				71B3C55D1E35958B00AAC5A1 /* ViewController.swift in Sources */,
				71B3C55B1E35958B00AAC5A1 /* AppDelegate.swift in Sources */,
			);
			runOnlyForDeploymentPostprocessing = 0;
		};
		71B3C5671E35958B00AAC5A1 /* Sources */ = {
			isa = PBXSourcesBuildPhase;
			buildActionMask = 2147483647;
			files = (
				71B3C5701E35958B00AAC5A1 /* JGAlgorithms_SwiftTests.swift in Sources */,
			);
			runOnlyForDeploymentPostprocessing = 0;
		};
/* End PBXSourcesBuildPhase section */

/* Begin PBXTargetDependency section */
		6003F5B4195388D20070C39A /* PBXTargetDependency */ = {
			isa = PBXTargetDependency;
			target = 6003F589195388D20070C39A /* JGAlgorithms_Example */;
			targetProxy = 6003F5B3195388D20070C39A /* PBXContainerItemProxy */;
		};
		71B3C56D1E35958B00AAC5A1 /* PBXTargetDependency */ = {
			isa = PBXTargetDependency;
			target = 71B3C5571E35958B00AAC5A1 /* JGAlgorithms-Swift */;
			targetProxy = 71B3C56C1E35958B00AAC5A1 /* PBXContainerItemProxy */;
		};
/* End PBXTargetDependency section */

/* Begin PBXVariantGroup section */
		6003F596195388D20070C39A /* InfoPlist.strings */ = {
			isa = PBXVariantGroup;
			children = (
				6003F597195388D20070C39A /* en */,
			);
			name = InfoPlist.strings;
			sourceTree = "<group>";
		};
		6003F5B8195388D20070C39A /* InfoPlist.strings */ = {
			isa = PBXVariantGroup;
			children = (
				6003F5B9195388D20070C39A /* en */,
			);
			name = InfoPlist.strings;
			sourceTree = "<group>";
		};
		717097981E3547690027B63C /* LaunchScreen.storyboard */ = {
			isa = PBXVariantGroup;
			children = (
				717097991E3547690027B63C /* Base */,
			);
			name = LaunchScreen.storyboard;
			sourceTree = "<group>";
		};
		71B3C55E1E35958B00AAC5A1 /* Main.storyboard */ = {
			isa = PBXVariantGroup;
			children = (
				71B3C55F1E35958B00AAC5A1 /* Base */,
			);
			name = Main.storyboard;
			sourceTree = "<group>";
		};
		71B3C5631E35958B00AAC5A1 /* LaunchScreen.storyboard */ = {
			isa = PBXVariantGroup;
			children = (
				71B3C5641E35958B00AAC5A1 /* Base */,
			);
			name = LaunchScreen.storyboard;
			sourceTree = "<group>";
		};
/* End PBXVariantGroup section */

/* Begin XCBuildConfiguration section */
		6003F5BD195388D20070C39A /* Debug */ = {
			isa = XCBuildConfiguration;
			buildSettings = {
				ALWAYS_SEARCH_USER_PATHS = NO;
				CLANG_CXX_LANGUAGE_STANDARD = "gnu++0x";
				CLANG_CXX_LIBRARY = "libc++";
				CLANG_ENABLE_MODULES = YES;
				CLANG_ENABLE_OBJC_ARC = YES;
				CLANG_WARN_BOOL_CONVERSION = YES;
				CLANG_WARN_CONSTANT_CONVERSION = YES;
				CLANG_WARN_DIRECT_OBJC_ISA_USAGE = YES_ERROR;
				CLANG_WARN_EMPTY_BODY = YES;
				CLANG_WARN_ENUM_CONVERSION = YES;
				CLANG_WARN_INFINITE_RECURSION = YES;
				CLANG_WARN_INT_CONVERSION = YES;
				CLANG_WARN_OBJC_ROOT_CLASS = YES_ERROR;
				CLANG_WARN_SUSPICIOUS_MOVE = YES;
				CLANG_WARN_UNREACHABLE_CODE = YES;
				CLANG_WARN__DUPLICATE_METHOD_MATCH = YES;
				"CODE_SIGN_IDENTITY[sdk=iphoneos*]" = "iPhone Developer";
				COPY_PHASE_STRIP = NO;
				ENABLE_STRICT_OBJC_MSGSEND = YES;
				ENABLE_TESTABILITY = YES;
				GCC_C_LANGUAGE_STANDARD = gnu99;
				GCC_DYNAMIC_NO_PIC = NO;
				GCC_NO_COMMON_BLOCKS = YES;
				GCC_OPTIMIZATION_LEVEL = 0;
				GCC_PREPROCESSOR_DEFINITIONS = (
					"DEBUG=1",
					"$(inherited)",
				);
				GCC_SYMBOLS_PRIVATE_EXTERN = NO;
				GCC_WARN_64_TO_32_BIT_CONVERSION = YES;
				GCC_WARN_ABOUT_RETURN_TYPE = YES_ERROR;
				GCC_WARN_UNDECLARED_SELECTOR = YES;
				GCC_WARN_UNINITIALIZED_AUTOS = YES_AGGRESSIVE;
				GCC_WARN_UNUSED_FUNCTION = YES;
				GCC_WARN_UNUSED_VARIABLE = YES;
				IPHONEOS_DEPLOYMENT_TARGET = 9.3;
				ONLY_ACTIVE_ARCH = YES;
				SDKROOT = iphoneos;
				TARGETED_DEVICE_FAMILY = "1,2";
			};
			name = Debug;
		};
		6003F5BE195388D20070C39A /* Release */ = {
			isa = XCBuildConfiguration;
			buildSettings = {
				ALWAYS_SEARCH_USER_PATHS = NO;
				CLANG_CXX_LANGUAGE_STANDARD = "gnu++0x";
				CLANG_CXX_LIBRARY = "libc++";
				CLANG_ENABLE_MODULES = YES;
				CLANG_ENABLE_OBJC_ARC = YES;
				CLANG_WARN_BOOL_CONVERSION = YES;
				CLANG_WARN_CONSTANT_CONVERSION = YES;
				CLANG_WARN_DIRECT_OBJC_ISA_USAGE = YES_ERROR;
				CLANG_WARN_EMPTY_BODY = YES;
				CLANG_WARN_ENUM_CONVERSION = YES;
				CLANG_WARN_INFINITE_RECURSION = YES;
				CLANG_WARN_INT_CONVERSION = YES;
				CLANG_WARN_OBJC_ROOT_CLASS = YES_ERROR;
				CLANG_WARN_SUSPICIOUS_MOVE = YES;
				CLANG_WARN_UNREACHABLE_CODE = YES;
				CLANG_WARN__DUPLICATE_METHOD_MATCH = YES;
				"CODE_SIGN_IDENTITY[sdk=iphoneos*]" = "iPhone Developer";
				COPY_PHASE_STRIP = YES;
				ENABLE_NS_ASSERTIONS = NO;
				ENABLE_STRICT_OBJC_MSGSEND = YES;
				GCC_C_LANGUAGE_STANDARD = gnu99;
				GCC_NO_COMMON_BLOCKS = YES;
				GCC_WARN_64_TO_32_BIT_CONVERSION = YES;
				GCC_WARN_ABOUT_RETURN_TYPE = YES_ERROR;
				GCC_WARN_UNDECLARED_SELECTOR = YES;
				GCC_WARN_UNINITIALIZED_AUTOS = YES_AGGRESSIVE;
				GCC_WARN_UNUSED_FUNCTION = YES;
				GCC_WARN_UNUSED_VARIABLE = YES;
				IPHONEOS_DEPLOYMENT_TARGET = 9.3;
				SDKROOT = iphoneos;
				SWIFT_OPTIMIZATION_LEVEL = "-Owholemodule";
				TARGETED_DEVICE_FAMILY = "1,2";
				VALIDATE_PRODUCT = YES;
			};
			name = Release;
		};
		6003F5C0195388D20070C39A /* Debug */ = {
			isa = XCBuildConfiguration;
			baseConfigurationReference = 4E834A92EADFD7AEBA95795F /* Pods-app-JGAlgorithms_Example.debug.xcconfig */;
			buildSettings = {
				ALWAYS_EMBED_SWIFT_STANDARD_LIBRARIES = YES;
				ASSETCATALOG_COMPILER_APPICON_NAME = AppIcon;
				GCC_PRECOMPILE_PREFIX_HEADER = YES;
				GCC_PREFIX_HEADER = "JGAlgorithms/JGAlgorithms-Prefix.pch";
				INFOPLIST_FILE = "JGAlgorithms/JGAlgorithms-Info.plist";
				MODULE_NAME = ExampleApp;
				PRODUCT_BUNDLE_IDENTIFIER = "org.cocoapods.demo.${PRODUCT_NAME:rfc1034identifier}";
				PRODUCT_NAME = "$(TARGET_NAME)";
				WRAPPER_EXTENSION = app;
			};
			name = Debug;
		};
		6003F5C1195388D20070C39A /* Release */ = {
			isa = XCBuildConfiguration;
			baseConfigurationReference = 59244D7F976DBEEE1345BB05 /* Pods-app-JGAlgorithms_Example.release.xcconfig */;
			buildSettings = {
				ALWAYS_EMBED_SWIFT_STANDARD_LIBRARIES = YES;
				ASSETCATALOG_COMPILER_APPICON_NAME = AppIcon;
				GCC_PRECOMPILE_PREFIX_HEADER = YES;
				GCC_PREFIX_HEADER = "JGAlgorithms/JGAlgorithms-Prefix.pch";
				INFOPLIST_FILE = "JGAlgorithms/JGAlgorithms-Info.plist";
				MODULE_NAME = ExampleApp;
				PRODUCT_BUNDLE_IDENTIFIER = "org.cocoapods.demo.${PRODUCT_NAME:rfc1034identifier}";
				PRODUCT_NAME = "$(TARGET_NAME)";
				WRAPPER_EXTENSION = app;
			};
			name = Release;
		};
		6003F5C3195388D20070C39A /* Debug */ = {
			isa = XCBuildConfiguration;
			baseConfigurationReference = ED18DC80BE9F86116889F8E7 /* Pods-app-JGAlgorithms_Tests.debug.xcconfig */;
			buildSettings = {
				ALWAYS_EMBED_SWIFT_STANDARD_LIBRARIES = "$(inherited)";
				BUNDLE_LOADER = "$(TEST_HOST)";
				CLANG_ENABLE_MODULES = YES;
				FRAMEWORK_SEARCH_PATHS = (
					"$(SDKROOT)/Developer/Library/Frameworks",
					"$(inherited)",
					"$(DEVELOPER_FRAMEWORKS_DIR)",
				);
				GCC_PRECOMPILE_PREFIX_HEADER = YES;
				GCC_PREFIX_HEADER = "Tests/Tests-Prefix.pch";
				GCC_PREPROCESSOR_DEFINITIONS = (
					"DEBUG=1",
					"$(inherited)",
				);
				INFOPLIST_FILE = "Tests/Tests-Info.plist";
				LD_RUNPATH_SEARCH_PATHS = "$(inherited) @executable_path/Frameworks @loader_path/Frameworks";
				PRODUCT_BUNDLE_IDENTIFIER = "org.cocoapods.demo.${PRODUCT_NAME:rfc1034identifier}";
				PRODUCT_NAME = "$(TARGET_NAME)";
				SWIFT_OPTIMIZATION_LEVEL = "-Onone";
				SWIFT_VERSION = 3.0;
				TEST_HOST = "$(BUILT_PRODUCTS_DIR)/JGAlgorithms_Example.app/JGAlgorithms_Example";
				WRAPPER_EXTENSION = xctest;
			};
			name = Debug;
		};
		6003F5C4195388D20070C39A /* Release */ = {
			isa = XCBuildConfiguration;
			baseConfigurationReference = AE4D2DE8417B553637431576 /* Pods-app-JGAlgorithms_Tests.release.xcconfig */;
			buildSettings = {
				ALWAYS_EMBED_SWIFT_STANDARD_LIBRARIES = "$(inherited)";
				BUNDLE_LOADER = "$(TEST_HOST)";
				CLANG_ENABLE_MODULES = YES;
				FRAMEWORK_SEARCH_PATHS = (
					"$(SDKROOT)/Developer/Library/Frameworks",
					"$(inherited)",
					"$(DEVELOPER_FRAMEWORKS_DIR)",
				);
				GCC_PRECOMPILE_PREFIX_HEADER = YES;
				GCC_PREFIX_HEADER = "Tests/Tests-Prefix.pch";
				INFOPLIST_FILE = "Tests/Tests-Info.plist";
				LD_RUNPATH_SEARCH_PATHS = "$(inherited) @executable_path/Frameworks @loader_path/Frameworks";
				PRODUCT_BUNDLE_IDENTIFIER = "org.cocoapods.demo.${PRODUCT_NAME:rfc1034identifier}";
				PRODUCT_NAME = "$(TARGET_NAME)";
				SWIFT_VERSION = 3.0;
				TEST_HOST = "$(BUILT_PRODUCTS_DIR)/JGAlgorithms_Example.app/JGAlgorithms_Example";
				WRAPPER_EXTENSION = xctest;
			};
			name = Release;
		};
		71B3C5721E35958B00AAC5A1 /* Debug */ = {
			isa = XCBuildConfiguration;
			baseConfigurationReference = DBC515FFEEA299692066553F /* Pods-app-JGAlgorithms-Swift.debug.xcconfig */;
			buildSettings = {
				ASSETCATALOG_COMPILER_APPICON_NAME = AppIcon;
				CLANG_ANALYZER_NONNULL = YES;
				CLANG_WARN_DOCUMENTATION_COMMENTS = YES;
				CLANG_WARN_INFINITE_RECURSION = YES;
				CLANG_WARN_SUSPICIOUS_MOVE = YES;
				CLANG_WARN_UNREACHABLE_CODE = YES;
				DEBUG_INFORMATION_FORMAT = dwarf;
				ENABLE_STRICT_OBJC_MSGSEND = YES;
				GCC_NO_COMMON_BLOCKS = YES;
				INFOPLIST_FILE = "JGAlgorithms-Swift/Info.plist";
				LD_RUNPATH_SEARCH_PATHS = "$(inherited) @executable_path/Frameworks";
				MTL_ENABLE_DEBUG_INFO = YES;
				PRODUCT_BUNDLE_IDENTIFIER = "org.cocoapods.demo.JGAlgorithms-Swift.JGAlgorithms-Swift";
				PRODUCT_NAME = "$(TARGET_NAME)";
				SWIFT_ACTIVE_COMPILATION_CONDITIONS = DEBUG;
				SWIFT_OPTIMIZATION_LEVEL = "-Onone";
				SWIFT_VERSION = 3.0;
			};
			name = Debug;
		};
		71B3C5731E35958B00AAC5A1 /* Release */ = {
			isa = XCBuildConfiguration;
			baseConfigurationReference = 703D149E90CA98FB46CC291B /* Pods-app-JGAlgorithms-Swift.release.xcconfig */;
			buildSettings = {
				ASSETCATALOG_COMPILER_APPICON_NAME = AppIcon;
				CLANG_ANALYZER_NONNULL = YES;
				CLANG_WARN_DOCUMENTATION_COMMENTS = YES;
				CLANG_WARN_INFINITE_RECURSION = YES;
				CLANG_WARN_SUSPICIOUS_MOVE = YES;
				CLANG_WARN_UNREACHABLE_CODE = YES;
				COPY_PHASE_STRIP = NO;
				DEBUG_INFORMATION_FORMAT = "dwarf-with-dsym";
				ENABLE_STRICT_OBJC_MSGSEND = YES;
				GCC_NO_COMMON_BLOCKS = YES;
				INFOPLIST_FILE = "JGAlgorithms-Swift/Info.plist";
				LD_RUNPATH_SEARCH_PATHS = "$(inherited) @executable_path/Frameworks";
				MTL_ENABLE_DEBUG_INFO = NO;
				PRODUCT_BUNDLE_IDENTIFIER = "org.cocoapods.demo.JGAlgorithms-Swift.JGAlgorithms-Swift";
				PRODUCT_NAME = "$(TARGET_NAME)";
				SWIFT_OPTIMIZATION_LEVEL = "-Owholemodule";
				SWIFT_VERSION = 3.0;
			};
			name = Release;
		};
		71B3C5741E35958B00AAC5A1 /* Debug */ = {
			isa = XCBuildConfiguration;
			baseConfigurationReference = 314BC3C0CCCF000F01837FCB /* Pods-app-JGAlgorithms-SwiftTests.debug.xcconfig */;
			buildSettings = {
				ALWAYS_EMBED_SWIFT_STANDARD_LIBRARIES = "$(inherited)";
				BUNDLE_LOADER = "$(TEST_HOST)";
				CLANG_ANALYZER_NONNULL = YES;
				CLANG_WARN_DOCUMENTATION_COMMENTS = YES;
				CLANG_WARN_INFINITE_RECURSION = YES;
				CLANG_WARN_SUSPICIOUS_MOVE = YES;
				CLANG_WARN_UNREACHABLE_CODE = YES;
				DEBUG_INFORMATION_FORMAT = dwarf;
				ENABLE_STRICT_OBJC_MSGSEND = YES;
				GCC_NO_COMMON_BLOCKS = YES;
				INFOPLIST_FILE = "JGAlgorithms-SwiftTests/Info.plist";
				IPHONEOS_DEPLOYMENT_TARGET = 10.2;
				LD_RUNPATH_SEARCH_PATHS = "$(inherited) @executable_path/Frameworks @loader_path/Frameworks";
				MTL_ENABLE_DEBUG_INFO = YES;
				PRODUCT_BUNDLE_IDENTIFIER = "org.cocoapods.demo.JGAlgorithms-Swift.JGAlgorithms-SwiftTests";
				PRODUCT_NAME = "$(TARGET_NAME)";
				SWIFT_ACTIVE_COMPILATION_CONDITIONS = DEBUG;
				SWIFT_OPTIMIZATION_LEVEL = "-Onone";
				SWIFT_VERSION = 3.0;
				TEST_HOST = "$(BUILT_PRODUCTS_DIR)/JGAlgorithms-Swift.app/JGAlgorithms-Swift";
			};
			name = Debug;
		};
		71B3C5751E35958B00AAC5A1 /* Release */ = {
			isa = XCBuildConfiguration;
			baseConfigurationReference = A66E794C03996C5367CA56F0 /* Pods-app-JGAlgorithms-SwiftTests.release.xcconfig */;
			buildSettings = {
				ALWAYS_EMBED_SWIFT_STANDARD_LIBRARIES = "$(inherited)";
				BUNDLE_LOADER = "$(TEST_HOST)";
				CLANG_ANALYZER_NONNULL = YES;
				CLANG_WARN_DOCUMENTATION_COMMENTS = YES;
				CLANG_WARN_INFINITE_RECURSION = YES;
				CLANG_WARN_SUSPICIOUS_MOVE = YES;
				CLANG_WARN_UNREACHABLE_CODE = YES;
				COPY_PHASE_STRIP = NO;
				DEBUG_INFORMATION_FORMAT = "dwarf-with-dsym";
				ENABLE_STRICT_OBJC_MSGSEND = YES;
				GCC_NO_COMMON_BLOCKS = YES;
				INFOPLIST_FILE = "JGAlgorithms-SwiftTests/Info.plist";
				IPHONEOS_DEPLOYMENT_TARGET = 10.2;
				LD_RUNPATH_SEARCH_PATHS = "$(inherited) @executable_path/Frameworks @loader_path/Frameworks";
				MTL_ENABLE_DEBUG_INFO = NO;
				PRODUCT_BUNDLE_IDENTIFIER = "org.cocoapods.demo.JGAlgorithms-Swift.JGAlgorithms-SwiftTests";
				PRODUCT_NAME = "$(TARGET_NAME)";
				SWIFT_OPTIMIZATION_LEVEL = "-Owholemodule";
				SWIFT_VERSION = 3.0;
				TEST_HOST = "$(BUILT_PRODUCTS_DIR)/JGAlgorithms-Swift.app/JGAlgorithms-Swift";
			};
			name = Release;
		};
/* End XCBuildConfiguration section */

/* Begin XCConfigurationList section */
		6003F585195388D10070C39A /* Build configuration list for PBXProject "JGAlgorithms" */ = {
			isa = XCConfigurationList;
			buildConfigurations = (
				6003F5BD195388D20070C39A /* Debug */,
				6003F5BE195388D20070C39A /* Release */,
			);
			defaultConfigurationIsVisible = 0;
			defaultConfigurationName = Release;
		};
		6003F5BF195388D20070C39A /* Build configuration list for PBXNativeTarget "JGAlgorithms_Example" */ = {
			isa = XCConfigurationList;
			buildConfigurations = (
				6003F5C0195388D20070C39A /* Debug */,
				6003F5C1195388D20070C39A /* Release */,
			);
			defaultConfigurationIsVisible = 0;
			defaultConfigurationName = Release;
		};
		6003F5C2195388D20070C39A /* Build configuration list for PBXNativeTarget "JGAlgorithms_Tests" */ = {
			isa = XCConfigurationList;
			buildConfigurations = (
				6003F5C3195388D20070C39A /* Debug */,
				6003F5C4195388D20070C39A /* Release */,
			);
			defaultConfigurationIsVisible = 0;
			defaultConfigurationName = Release;
		};
		71B3C5761E35958B00AAC5A1 /* Build configuration list for PBXNativeTarget "JGAlgorithms-Swift" */ = {
			isa = XCConfigurationList;
			buildConfigurations = (
				71B3C5721E35958B00AAC5A1 /* Debug */,
				71B3C5731E35958B00AAC5A1 /* Release */,
			);
			defaultConfigurationIsVisible = 0;
			defaultConfigurationName = Release;
		};
		71B3C5771E35958B00AAC5A1 /* Build configuration list for PBXNativeTarget "JGAlgorithms-SwiftTests" */ = {
			isa = XCConfigurationList;
			buildConfigurations = (
				71B3C5741E35958B00AAC5A1 /* Debug */,
				71B3C5751E35958B00AAC5A1 /* Release */,
			);
			defaultConfigurationIsVisible = 0;
			defaultConfigurationName = Release;
		};
/* End XCConfigurationList section */
	};
	rootObject = 6003F582195388D10070C39A /* Project object */;
}
